Microsoft Visual Studio Solution File, Format Version 12.00
# Visual Studio 2012
Project("{FAE04EC0-301F-11D3-BF4B-00C04F79EFBC}") = "Knight's Requiem", "Knight's Requiem.csproj", "{6F394186-B429-4619-A7EA-A08EB7885758}"
EndProject
Global
	GlobalSection(SolutionConfigurationPlatforms) = preSolution
	Debug|Any CPU = Debug|Any CPU
	Release|Any CPU = Release|Any CPU
	Tools|Any CPU = Tools|Any CPU
	EndGlobalSection
	GlobalSection(ProjectConfigurationPlatforms) = postSolution
		{6F394186-B429-4619-A7EA-A08EB7885758}.Debug|Any CPU.ActiveCfg = Debug|Any CPU
		{6F394186-B429-4619-A7EA-A08EB7885758}.Debug|Any CPU.Build.0 = Debug|Any CPU
		{6F394186-B429-4619-A7EA-A08EB7885758}.Release|Any CPU.ActiveCfg = Release|Any CPU
		{6F394186-B429-4619-A7EA-A08EB7885758}.Release|Any CPU.Build.0 = Release|Any CPU
		{6F394186-B429-4619-A7EA-A08EB7885758}.Tools|Any CPU.ActiveCfg = Tools|Any CPU
		{6F394186-B429-4619-A7EA-A08EB7885758}.Tools|Any CPU.Build.0 = Tools|Any CPU
	EndGlobalSection
EndGlobal
